
Microsoft Visual Studio Solution File, Format Version 12.00
# Visual Studio Version 17
VisualStudioVersion = 17.3.32922.545
MinimumVisualStudioVersion = 10.0.40219.1
Project("{FAE04EC0-301F-11D3-BF4B-00C04F79EFBC}") = "WindowsFormsApp1", "WindowsFormsApp1.csproj", "{3D1777A7-2FBA-4340-B922-76E320BE11FA}"
EndProject
Global
	GlobalSection(SolutionConfigurationPlatforms) = preSolution
		Debug|Any CPU = Debug|Any CPU
		Release|Any CPU = Release|Any CPU
	EndGlobalSection
	GlobalSection(ProjectConfigurationPlatforms) = postSolution
		{3D1777A7-2FBA-4340-B922-76E320BE11FA}.Debug|Any CPU.ActiveCfg = Debug|Any CPU
		{3D1777A7-2FBA-4340-B922-76E320BE11FA}.Debug|Any CPU.Build.0 = Debug|Any CPU
		{3D1777A7-2FBA-4340-B922-76E320BE11FA}.Release|Any CPU.ActiveCfg = Release|Any CPU
		{3D1777A7-2FBA-4340-B922-76E320BE11FA}.Release|Any CPU.Build.0 = Release|Any CPU
	EndGlobalSection
	GlobalSection(SolutionProperties) = preSolution
		HideSolutionNode = FALSE
	EndGlobalSection
	GlobalSection(ExtensibilityGlobals) = postSolution
		SolutionGuid = {28426ADA-B27A-4209-915D-6E1C1040D0A1}
	EndGlobalSection
EndGlobal
